// !$*UTF8*$!
{
	archiveVersion = 1;
	classes = {
	};
	objectVersion = 50;
	objects = {

/* Begin PBXBuildFile section */
		800E6B7B2597AF0E00DED5F5 /* MainView.swift in Sources */ = {isa = PBXBuildFile; fileRef = 800E6B7A2597AF0E00DED5F5 /* MainView.swift */; };
		800E6B7E2597DB4300DED5F5 /* SlotView.swift in Sources */ = {isa = PBXBuildFile; fileRef = 800E6B7D2597DB4300DED5F5 /* SlotView.swift */; };
		800E6B822597E75500DED5F5 /* Extensions.swift in Sources */ = {isa = PBXBuildFile; fileRef = 800E6B812597E75500DED5F5 /* Extensions.swift */; };
		800E6B862597E76A00DED5F5 /* Modifiers.swift in Sources */ = {isa = PBXBuildFile; fileRef = 800E6B852597E76A00DED5F5 /* Modifiers.swift */; };
		800E6B892597E98400DED5F5 /* BetCardView.swift in Sources */ = {isa = PBXBuildFile; fileRef = 800E6B882597E98400DED5F5 /* BetCardView.swift */; };
		800E6B8C2597EFCF00DED5F5 /* ChipsView.swift in Sources */ = {isa = PBXBuildFile; fileRef = 800E6B8B2597EFCF00DED5F5 /* ChipsView.swift */; };
		8054F97325ACE7C6000C179D /* AudioPlayer.swift in Sources */ = {isa = PBXBuildFile; fileRef = 8054F97225ACE7C6000C179D /* AudioPlayer.swift */; };
		80F403A6259676D200E4DAA2 /* Slots_swiftUiApp.swift in Sources */ = {isa = PBXBuildFile; fileRef = 80F403A5259676D200E4DAA2 /* Slots_swiftUiApp.swift */; };
		80F403A8259676D200E4DAA2 /* ContentView.swift in Sources */ = {isa = PBXBuildFile; fileRef = 80F403A7259676D200E4DAA2 /* ContentView.swift */; };
		80F403AA259676D800E4DAA2 /* Assets.xcassets in Resources */ = {isa = PBXBuildFile; fileRef = 80F403A9259676D800E4DAA2 /* Assets.xcassets */; };
		80F403AD259676D800E4DAA2 /* Preview Assets.xcassets in Resources */ = {isa = PBXBuildFile; fileRef = 80F403AC259676D800E4DAA2 /* Preview Assets.xcassets */; };
		80F403BE2596776600E4DAA2 /* chimeup.mp3 in Resources */ = {isa = PBXBuildFile; fileRef = 80F403B62596776500E4DAA2 /* chimeup.mp3 */; };
		80F403BF2596776600E4DAA2 /* high-score.mp3 in Resources */ = {isa = PBXBuildFile; fileRef = 80F403B72596776500E4DAA2 /* high-score.mp3 */; };
		80F403C02596776600E4DAA2 /* casino-chips.mp3 in Resources */ = {isa = PBXBuildFile; fileRef = 80F403B82596776500E4DAA2 /* casino-chips.mp3 */; };
		80F403C12596776600E4DAA2 /* game-over.mp3 in Resources */ = {isa = PBXBuildFile; fileRef = 80F403B92596776500E4DAA2 /* game-over.mp3 */; };
		80F403C22596776600E4DAA2 /* spin.mp3 in Resources */ = {isa = PBXBuildFile; fileRef = 80F403BA2596776500E4DAA2 /* spin.mp3 */; };
		80F403C32596776600E4DAA2 /* win.mp3 in Resources */ = {isa = PBXBuildFile; fileRef = 80F403BB2596776500E4DAA2 /* win.mp3 */; };
		80F403C42596776600E4DAA2 /* riseup.mp3 in Resources */ = {isa = PBXBuildFile; fileRef = 80F403BC2596776500E4DAA2 /* riseup.mp3 */; };
		80F403C52596776600E4DAA2 /* background-music.mp3 in Resources */ = {isa = PBXBuildFile; fileRef = 80F403BD2596776600E4DAA2 /* background-music.mp3 */; };
/* End PBXBuildFile section */

/* Begin PBXFileReference section */
		800E6B7A2597AF0E00DED5F5 /* MainView.swift */ = {isa = PBXFileReference; lastKnownFileType = sourcecode.swift; path = MainView.swift; sourceTree = "<group>"; };
		800E6B7D2597DB4300DED5F5 /* SlotView.swift */ = {isa = PBXFileReference; lastKnownFileType = sourcecode.swift; path = SlotView.swift; sourceTree = "<group>"; };
		800E6B812597E75500DED5F5 /* Extensions.swift */ = {isa = PBXFileReference; lastKnownFileType = sourcecode.swift; path = Extensions.swift; sourceTree = "<group>"; };
		800E6B852597E76A00DED5F5 /* Modifiers.swift */ = {isa = PBXFileReference; lastKnownFileType = sourcecode.swift; path = Modifiers.swift; sourceTree = "<group>"; };
		800E6B882597E98400DED5F5 /* BetCardView.swift */ = {isa = PBXFileReference; lastKnownFileType = sourcecode.swift; path = BetCardView.swift; sourceTree = "<group>"; };
		800E6B8B2597EFCF00DED5F5 /* ChipsView.swift */ = {isa = PBXFileReference; lastKnownFileType = sourcecode.swift; path = ChipsView.swift; sourceTree = "<group>"; };
		8054F97225ACE7C6000C179D /* AudioPlayer.swift */ = {isa = PBXFileReference; lastKnownFileType = sourcecode.swift; path = AudioPlayer.swift; sourceTree = "<group>"; };
		8054F97525ACEFA3000C179D /* Slots_swiftUi.entitlements */ = {isa = PBXFileReference; lastKnownFileType = text.plist.entitlements; path = Slots_swiftUi.entitlements; sourceTree = "<group>"; };
		80F403A2259676D200E4DAA2 /* Slots_swiftUi.app */ = {isa = PBXFileReference; explicitFileType = wrapper.application; includeInIndex = 0; path = Slots_swiftUi.app; sourceTree = BUILT_PRODUCTS_DIR; };
		80F403A5259676D200E4DAA2 /* Slots_swiftUiApp.swift */ = {isa = PBXFileReference; lastKnownFileType = sourcecode.swift; path = Slots_swiftUiApp.swift; sourceTree = "<group>"; };
		80F403A7259676D200E4DAA2 /* ContentView.swift */ = {isa = PBXFileReference; lastKnownFileType = sourcecode.swift; path = ContentView.swift; sourceTree = "<group>"; };
		80F403A9259676D800E4DAA2 /* Assets.xcassets */ = {isa = PBXFileReference; lastKnownFileType = folder.assetcatalog; path = Assets.xcassets; sourceTree = "<group>"; };
		80F403AC259676D800E4DAA2 /* Preview Assets.xcassets */ = {isa = PBXFileReference; lastKnownFileType = folder.assetcatalog; path = "Preview Assets.xcassets"; sourceTree = "<group>"; };
		80F403AE259676D800E4DAA2 /* Info.plist */ = {isa = PBXFileReference; lastKnownFileType = text.plist.xml; path = Info.plist; sourceTree = "<group>"; };
		80F403B62596776500E4DAA2 /* chimeup.mp3 */ = {isa = PBXFileReference; lastKnownFileType = audio.mp3; path = chimeup.mp3; sourceTree = "<group>"; };
		80F403B72596776500E4DAA2 /* high-score.mp3 */ = {isa = PBXFileReference; lastKnownFileType = audio.mp3; path = "high-score.mp3"; sourceTree = "<group>"; };
		80F403B82596776500E4DAA2 /* casino-chips.mp3 */ = {isa = PBXFileReference; lastKnownFileType = audio.mp3; path = "casino-chips.mp3"; sourceTree = "<group>"; };
		80F403B92596776500E4DAA2 /* game-over.mp3 */ = {isa = PBXFileReference; lastKnownFileType = audio.mp3; path = "game-over.mp3"; sourceTree = "<group>"; };
		80F403BA2596776500E4DAA2 /* spin.mp3 */ = {isa = PBXFileReference; lastKnownFileType = audio.mp3; path = spin.mp3; sourceTree = "<group>"; };
		80F403BB2596776500E4DAA2 /* win.mp3 */ = {isa = PBXFileReference; lastKnownFileType = audio.mp3; path = win.mp3; sourceTree = "<group>"; };
		80F403BC2596776500E4DAA2 /* riseup.mp3 */ = {isa = PBXFileReference; lastKnownFileType = audio.mp3; path = riseup.mp3; sourceTree = "<group>"; };
		80F403BD2596776600E4DAA2 /* background-music.mp3 */ = {isa = PBXFileReference; lastKnownFileType = audio.mp3; path = "background-music.mp3"; sourceTree = "<group>"; };
/* End PBXFileReference section */

/* Begin PBXFrameworksBuildPhase section */
		80F4039F259676D200E4DAA2 /* Frameworks */ = {
			isa = PBXFrameworksBuildPhase;
			buildActionMask = 2147483647;
			files = (
			);
			runOnlyForDeploymentPostprocessing = 0;
		};
/* End PBXFrameworksBuildPhase section */

/* Begin PBXGroup section */
		800E6B772597AC3000DED5F5 /* App */ = {
			isa = PBXGroup;
			children = (
				80F403A5259676D200E4DAA2 /* Slots_swiftUiApp.swift */,
				80F403A7259676D200E4DAA2 /* ContentView.swift */,
				800E6B7A2597AF0E00DED5F5 /* MainView.swift */,
			);
			path = App;
			sourceTree = "<group>";
		};
		800E6B782597AC4200DED5F5 /* View */ = {
			isa = PBXGroup;
			children = (
				800E6B7D2597DB4300DED5F5 /* SlotView.swift */,
				800E6B882597E98400DED5F5 /* BetCardView.swift */,
				800E6B8B2597EFCF00DED5F5 /* ChipsView.swift */,
			);
			path = View;
			sourceTree = "<group>";
		};
		800E6B802597E74000DED5F5 /* Services */ = {
			isa = PBXGroup;
			children = (
				800E6B812597E75500DED5F5 /* Extensions.swift */,
				800E6B852597E76A00DED5F5 /* Modifiers.swift */,
				8054F97225ACE7C6000C179D /* AudioPlayer.swift */,
			);
			path = Services;
			sourceTree = "<group>";
		};
		80F40399259676D200E4DAA2 = {
			isa = PBXGroup;
			children = (
				80F403A4259676D200E4DAA2 /* Slots_swiftUi */,
				80F403A3259676D200E4DAA2 /* Products */,
			);
			sourceTree = "<group>";
		};
		80F403A3259676D200E4DAA2 /* Products */ = {
			isa = PBXGroup;
			children = (
				80F403A2259676D200E4DAA2 /* Slots_swiftUi.app */,
			);
			name = Products;
			sourceTree = "<group>";
		};
		80F403A4259676D200E4DAA2 /* Slots_swiftUi */ = {
			isa = PBXGroup;
			children = (
				8054F97525ACEFA3000C179D /* Slots_swiftUi.entitlements */,
				800E6B802597E74000DED5F5 /* Services */,
				800E6B782597AC4200DED5F5 /* View */,
				80F403B52596772100E4DAA2 /* Sounds */,
				800E6B772597AC3000DED5F5 /* App */,
				80F403A9259676D800E4DAA2 /* Assets.xcassets */,
				80F403AE259676D800E4DAA2 /* Info.plist */,
				80F403AB259676D800E4DAA2 /* Preview Content */,
			);
			path = Slots_swiftUi;
			sourceTree = "<group>";
		};
		80F403AB259676D800E4DAA2 /* Preview Content */ = {
			isa = PBXGroup;
			children = (
				80F403AC259676D800E4DAA2 /* Preview Assets.xcassets */,
			);
			path = "Preview Content";
			sourceTree = "<group>";
		};
		80F403B52596772100E4DAA2 /* Sounds */ = {
			isa = PBXGroup;
			children = (
				80F403BD2596776600E4DAA2 /* background-music.mp3 */,
				80F403B82596776500E4DAA2 /* casino-chips.mp3 */,
				80F403B62596776500E4DAA2 /* chimeup.mp3 */,
				80F403B92596776500E4DAA2 /* game-over.mp3 */,
				80F403B72596776500E4DAA2 /* high-score.mp3 */,
				80F403BC2596776500E4DAA2 /* riseup.mp3 */,
				80F403BA2596776500E4DAA2 /* spin.mp3 */,
				80F403BB2596776500E4DAA2 /* win.mp3 */,
			);
			path = Sounds;
			sourceTree = "<group>";
		};
/* End PBXGroup section */

/* Begin PBXNativeTarget section */
		80F403A1259676D200E4DAA2 /* Slots_swiftUi */ = {
			isa = PBXNativeTarget;
			buildConfigurationList = 80F403B1259676D800E4DAA2 /* Build configuration list for PBXNativeTarget "Slots_swiftUi" */;
			buildPhases = (
				80F4039E259676D200E4DAA2 /* Sources */,
				80F4039F259676D200E4DAA2 /* Frameworks */,
				80F403A0259676D200E4DAA2 /* Resources */,
			);
			buildRules = (
			);
			dependencies = (
			);
			name = Slots_swiftUi;
			productName = Slots_swiftUi;
			productReference = 80F403A2259676D200E4DAA2 /* Slots_swiftUi.app */;
			productType = "com.apple.product-type.application";
		};
/* End PBXNativeTarget section */

/* Begin PBXProject section */
		80F4039A259676D200E4DAA2 /* Project object */ = {
			isa = PBXProject;
			attributes = {
				LastSwiftUpdateCheck = 1230;
				LastUpgradeCheck = 1230;
				TargetAttributes = {
					80F403A1259676D200E4DAA2 = {
						CreatedOnToolsVersion = 12.3;
					};
				};
			};
			buildConfigurationList = 80F4039D259676D200E4DAA2 /* Build configuration list for PBXProject "Slots_swiftUi" */;
			compatibilityVersion = "Xcode 9.3";
			developmentRegion = en;
			hasScannedForEncodings = 0;
			knownRegions = (
				en,
				Base,
			);
			mainGroup = 80F40399259676D200E4DAA2;
			productRefGroup = 80F403A3259676D200E4DAA2 /* Products */;
			projectDirPath = "";
			projectRoot = "";
			targets = (
				80F403A1259676D200E4DAA2 /* Slots_swiftUi */,
			);
		};
/* End PBXProject section */

/* Begin PBXResourcesBuildPhase section */
		80F403A0259676D200E4DAA2 /* Resources */ = {
			isa = PBXResourcesBuildPhase;
			buildActionMask = 2147483647;
			files = (
				80F403C42596776600E4DAA2 /* riseup.mp3 in Resources */,
				80F403BE2596776600E4DAA2 /* chimeup.mp3 in Resources */,
				80F403C52596776600E4DAA2 /* background-music.mp3 in Resources */,
				80F403BF2596776600E4DAA2 /* high-score.mp3 in Resources */,
				80F403AD259676D800E4DAA2 /* Preview Assets.xcassets in Resources */,
				80F403C32596776600E4DAA2 /* win.mp3 in Resources */,
				80F403C22596776600E4DAA2 /* spin.mp3 in Resources */,
				80F403AA259676D800E4DAA2 /* Assets.xcassets in Resources */,
				80F403C12596776600E4DAA2 /* game-over.mp3 in Resources */,
				80F403C02596776600E4DAA2 /* casino-chips.mp3 in Resources */,
			);
			runOnlyForDeploymentPostprocessing = 0;
		};
/* End PBXResourcesBuildPhase section */

/* Begin PBXSourcesBuildPhase section */
		80F4039E259676D200E4DAA2 /* Sources */ = {
			isa = PBXSourcesBuildPhase;
			buildActionMask = 2147483647;
			files = (
				800E6B822597E75500DED5F5 /* Extensions.swift in Sources */,
				80F403A8259676D200E4DAA2 /* ContentView.swift in Sources */,
				8054F97325ACE7C6000C179D /* AudioPlayer.swift in Sources */,
				800E6B892597E98400DED5F5 /* BetCardView.swift in Sources */,
				800E6B7B2597AF0E00DED5F5 /* MainView.swift in Sources */,
				800E6B8C2597EFCF00DED5F5 /* ChipsView.swift in Sources */,
				800E6B7E2597DB4300DED5F5 /* SlotView.swift in Sources */,
				800E6B862597E76A00DED5F5 /* Modifiers.swift in Sources */,
				80F403A6259676D200E4DAA2 /* Slots_swiftUiApp.swift in Sources */,
			);
			runOnlyForDeploymentPostprocessing = 0;
		};
/* End PBXSourcesBuildPhase section */

/* Begin XCBuildConfiguration section */
		80F403AF259676D800E4DAA2 /* Debug */ = {
			isa = XCBuildConfiguration;
			buildSettings = {
				ALWAYS_SEARCH_USER_PATHS = NO;
				CLANG_ANALYZER_NONNULL = YES;
				CLANG_ANALYZER_NUMBER_OBJECT_CONVERSION = YES_AGGRESSIVE;
				CLANG_CXX_LANGUAGE_STANDARD = "gnu++14";
				CLANG_CXX_LIBRARY = "libc++";
				CLANG_ENABLE_MODULES = YES;
				CLANG_ENABLE_OBJC_ARC = YES;
				CLANG_ENABLE_OBJC_WEAK = YES;
				CLANG_WARN_BLOCK_CAPTURE_AUTORELEASING = YES;
				CLANG_WARN_BOOL_CONVERSION = YES;
				CLANG_WARN_COMMA = YES;
				CLANG_WARN_CONSTANT_CONVERSION = YES;
				CLANG_WARN_DEPRECATED_OBJC_IMPLEMENTATIONS = YES;
				CLANG_WARN_DIRECT_OBJC_ISA_USAGE = YES_ERROR;
				CLANG_WARN_DOCUMENTATION_COMMENTS = YES;
				CLANG_WARN_EMPTY_BODY = YES;
				CLANG_WARN_ENUM_CONVERSION = YES;
				CLANG_WARN_INFINITE_RECURSION = YES;
				CLANG_WARN_INT_CONVERSION = YES;
				CLANG_WARN_NON_LITERAL_NULL_CONVERSION = YES;
				CLANG_WARN_OBJC_IMPLICIT_RETAIN_SELF = YES;
				CLANG_WARN_OBJC_LITERAL_CONVERSION = YES;
				CLANG_WARN_OBJC_ROOT_CLASS = YES_ERROR;
				CLANG_WARN_QUOTED_INCLUDE_IN_FRAMEWORK_HEADER = YES;
				CLANG_WARN_RANGE_LOOP_ANALYSIS = YES;
				CLANG_WARN_STRICT_PROTOTYPES = YES;
				CLANG_WARN_SUSPICIOUS_MOVE = YES;
				CLANG_WARN_UNGUARDED_AVAILABILITY = YES_AGGRESSIVE;
				CLANG_WARN_UNREACHABLE_CODE = YES;
				CLANG_WARN__DUPLICATE_METHOD_MATCH = YES;
				COPY_PHASE_STRIP = NO;
				DEBUG_INFORMATION_FORMAT = dwarf;
				ENABLE_STRICT_OBJC_MSGSEND = YES;
				ENABLE_TESTABILITY = YES;
				GCC_C_LANGUAGE_STANDARD = gnu11;
				GCC_DYNAMIC_NO_PIC = NO;
				GCC_NO_COMMON_BLOCKS = YES;
				GCC_OPTIMIZATION_LEVEL = 0;
				GCC_PREPROCESSOR_DEFINITIONS = (
					"DEBUG=1",
					"$(inherited)",
				);
				GCC_WARN_64_TO_32_BIT_CONVERSION = YES;
				GCC_WARN_ABOUT_RETURN_TYPE = YES_ERROR;
				GCC_WARN_UNDECLARED_SELECTOR = YES;
				GCC_WARN_UNINITIALIZED_AUTOS = YES_AGGRESSIVE;
				GCC_WARN_UNUSED_FUNCTION = YES;
				GCC_WARN_UNUSED_VARIABLE = YES;
				IPHONEOS_DEPLOYMENT_TARGET = 14.3;
				MTL_ENABLE_DEBUG_INFO = INCLUDE_SOURCE;
				MTL_FAST_MATH = YES;
				ONLY_ACTIVE_ARCH = YES;
				SDKROOT = iphoneos;
				SWIFT_ACTIVE_COMPILATION_CONDITIONS = DEBUG;
				SWIFT_OPTIMIZATION_LEVEL = "-Onone";
			};
			name = Debug;
		};
		80F403B0259676D800E4DAA2 /* Release */ = {
			isa = XCBuildConfiguration;
			buildSettings = {
				ALWAYS_SEARCH_USER_PATHS = NO;
				CLANG_ANALYZER_NONNULL = YES;
				CLANG_ANALYZER_NUMBER_OBJECT_CONVERSION = YES_AGGRESSIVE;
				CLANG_CXX_LANGUAGE_STANDARD = "gnu++14";
				CLANG_CXX_LIBRARY = "libc++";
				CLANG_ENABLE_MODULES = YES;
				CLANG_ENABLE_OBJC_ARC = YES;
				CLANG_ENABLE_OBJC_WEAK = YES;
				CLANG_WARN_BLOCK_CAPTURE_AUTORELEASING = YES;
				CLANG_WARN_BOOL_CONVERSION = YES;
				CLANG_WARN_COMMA = YES;
				CLANG_WARN_CONSTANT_CONVERSION = YES;
				CLANG_WARN_DEPRECATED_OBJC_IMPLEMENTATIONS = YES;
				CLANG_WARN_DIRECT_OBJC_ISA_USAGE = YES_ERROR;
				CLANG_WARN_DOCUMENTATION_COMMENTS = YES;
				CLANG_WARN_EMPTY_BODY = YES;
				CLANG_WARN_ENUM_CONVERSION = YES;
				CLANG_WARN_INFINITE_RECURSION = YES;
				CLANG_WARN_INT_CONVERSION = YES;
				CLANG_WARN_NON_LITERAL_NULL_CONVERSION = YES;
				CLANG_WARN_OBJC_IMPLICIT_RETAIN_SELF = YES;
				CLANG_WARN_OBJC_LITERAL_CONVERSION = YES;
				CLANG_WARN_OBJC_ROOT_CLASS = YES_ERROR;
				CLANG_WARN_QUOTED_INCLUDE_IN_FRAMEWORK_HEADER = YES;
				CLANG_WARN_RANGE_LOOP_ANALYSIS = YES;
				CLANG_WARN_STRICT_PROTOTYPES = YES;
				CLANG_WARN_SUSPICIOUS_MOVE = YES;
				CLANG_WARN_UNGUARDED_AVAILABILITY = YES_AGGRESSIVE;
				CLANG_WARN_UNREACHABLE_CODE = YES;
				CLANG_WARN__DUPLICATE_METHOD_MATCH = YES;
				COPY_PHASE_STRIP = NO;
				DEBUG_INFORMATION_FORMAT = "dwarf-with-dsym";
				ENABLE_NS_ASSERTIONS = NO;
				ENABLE_STRICT_OBJC_MSGSEND = YES;
				GCC_C_LANGUAGE_STANDARD = gnu11;
				GCC_NO_COMMON_BLOCKS = YES;
				GCC_WARN_64_TO_32_BIT_CONVERSION = YES;
				GCC_WARN_ABOUT_RETURN_TYPE = YES_ERROR;
				GCC_WARN_UNDECLARED_SELECTOR = YES;
				GCC_WARN_UNINITIALIZED_AUTOS = YES_AGGRESSIVE;
				GCC_WARN_UNUSED_FUNCTION = YES;
				GCC_WARN_UNUSED_VARIABLE = YES;
				IPHONEOS_DEPLOYMENT_TARGET = 14.3;
				MTL_ENABLE_DEBUG_INFO = NO;
				MTL_FAST_MATH = YES;
				SDKROOT = iphoneos;
				SWIFT_COMPILATION_MODE = wholemodule;
				SWIFT_OPTIMIZATION_LEVEL = "-O";
				VALIDATE_PRODUCT = YES;
			};
			name = Release;
		};
		80F403B2259676D800E4DAA2 /* Debug */ = {
			isa = XCBuildConfiguration;
			buildSettings = {
				ASSETCATALOG_COMPILER_APPICON_NAME = AppIcon;
				ASSETCATALOG_COMPILER_GLOBAL_ACCENT_COLOR_NAME = AccentColor;
				CODE_SIGN_ENTITLEMENTS = Slots_swiftUi/Slots_swiftUi.entitlements;
				CODE_SIGN_STYLE = Automatic;
				DEVELOPMENT_ASSET_PATHS = "\"Slots_swiftUi/Preview Content\"";
				DEVELOPMENT_TEAM = VMCZUHWP47;
				ENABLE_PREVIEWS = YES;
				INFOPLIST_FILE = Slots_swiftUi/Info.plist;
				IPHONEOS_DEPLOYMENT_TARGET = 14.0;
				LD_RUNPATH_SEARCH_PATHS = (
					"$(inherited)",
					"@executable_path/Frameworks",
				);
				PRODUCT_BUNDLE_IDENTIFIER = "me.sergeyyu.Slots-swiftUi";
				PRODUCT_NAME = "$(TARGET_NAME)";
				SUPPORTS_MACCATALYST = YES;
				SWIFT_VERSION = 5.0;
				TARGETED_DEVICE_FAMILY = "1,2";
			};
			name = Debug;
		};
		80F403B3259676D800E4DAA2 /* Release */ = {
			isa = XCBuildConfiguration;
			buildSettings = {
				ASSETCATALOG_COMPILER_APPICON_NAME = AppIcon;
				ASSETCATALOG_COMPILER_GLOBAL_ACCENT_COLOR_NAME = AccentColor;
				CODE_SIGN_ENTITLEMENTS = Slots_swiftUi/Slots_swiftUi.entitlements;
				CODE_SIGN_STYLE = Automatic;
				DEVELOPMENT_ASSET_PATHS = "\"Slots_swiftUi/Preview Content\"";
				DEVELOPMENT_TEAM = VMCZUHWP47;
				ENABLE_PREVIEWS = YES;
				INFOPLIST_FILE = Slots_swiftUi/Info.plist;
				IPHONEOS_DEPLOYMENT_TARGET = 14.0;
				LD_RUNPATH_SEARCH_PATHS = (
					"$(inherited)",
					"@executable_path/Frameworks",
				);
				PRODUCT_BUNDLE_IDENTIFIER = "me.sergeyyu.Slots-swiftUi";
				PRODUCT_NAME = "$(TARGET_NAME)";
				SUPPORTS_MACCATALYST = YES;
				SWIFT_VERSION = 5.0;
				TARGETED_DEVICE_FAMILY = "1,2";
			};
			name = Release;
		};
/* End XCBuildConfiguration section */

/* Begin XCConfigurationList section */
		80F4039D259676D200E4DAA2 /* Build configuration list for PBXProject "Slots_swiftUi" */ = {
			isa = XCConfigurationList;
			buildConfigurations = (
				80F403AF259676D800E4DAA2 /* Debug */,
				80F403B0259676D800E4DAA2 /* Release */,
			);
			defaultConfigurationIsVisible = 0;
			defaultConfigurationName = Release;
		};
		80F403B1259676D800E4DAA2 /* Build configuration list for PBXNativeTarget "Slots_swiftUi" */ = {
			isa = XCConfigurationList;
			buildConfigurations = (
				80F403B2259676D800E4DAA2 /* Debug */,
				80F403B3259676D800E4DAA2 /* Release */,
			);
			defaultConfigurationIsVisible = 0;
			defaultConfigurationName = Release;
		};
/* End XCConfigurationList section */
	};
	rootObject = 80F4039A259676D200E4DAA2 /* Project object */;
}
